version = 1
revision = 3
requires-python = "==3.12.*"

[[package]]
name = "llvmlite"
version = "0.45.1"
source = { registry = "https://pypi.org/simple" }
sdist = { url = "https://files.pythonhosted.org/packages/99/8d/5baf1cef7f9c084fb35a8afbde88074f0d6a727bc63ef764fe0e7543ba40/llvmlite-0.45.1.tar.gz", hash = "sha256:09430bb9d0bb58fc45a45a57c7eae912850bedc095cd0810a57de109c69e1c32", size = 185600, upload-time = "2025-10-01T17:59:52.046Z" }
wheels = [
    { url = "https://files.pythonhosted.org/packages/e2/7c/82cbd5c656e8991bcc110c69d05913be2229302a92acb96109e166ae31fb/llvmlite-0.45.1-cp312-cp312-macosx_10_15_x86_64.whl", hash = "sha256:28e763aba92fe9c72296911e040231d486447c01d4f90027c8e893d89d49b20e", size = 43043524, upload-time = "2025-10-01T18:03:30.666Z" },
    { url = "https://files.pythonhosted.org/packages/9d/bc/5314005bb2c7ee9f33102c6456c18cc81745d7055155d1218f1624463774/llvmlite-0.45.1-cp312-cp312-macosx_11_0_arm64.whl", hash = "sha256:1a53f4b74ee9fd30cb3d27d904dadece67a7575198bd80e687ee76474620735f", size = 37253123, upload-time = "2025-10-01T18:04:18.177Z" },
    { url = "https://files.pythonhosted.org/packages/96/76/0f7154952f037cb320b83e1c952ec4a19d5d689cf7d27cb8a26887d7bbc1/llvmlite-0.45.1-cp312-cp312-manylinux2014_x86_64.manylinux_2_17_x86_64.whl", hash = "sha256:5b3796b1b1e1c14dcae34285d2f4ea488402fbd2c400ccf7137603ca3800864f", size = 56288211, upload-time = "2025-10-01T18:01:24.079Z" },
    { url = "https://files.pythonhosted.org/packages/00/b1/0b581942be2683ceb6862d558979e87387e14ad65a1e4db0e7dd671fa315/llvmlite-0.45.1-cp312-cp312-manylinux_2_27_aarch64.manylinux_2_28_aarch64.whl", hash = "sha256:779e2f2ceefef0f4368548685f0b4adde34e5f4b457e90391f570a10b348d433", size = 55140958, upload-time = "2025-10-01T18:02:30.482Z" },
    { url = "https://files.pythonhosted.org/packages/33/94/9ba4ebcf4d541a325fd8098ddc073b663af75cc8b065b6059848f7d4dce7/llvmlite-0.45.1-cp312-cp312-win_amd64.whl", hash = "sha256:9e6c9949baf25d9aa9cd7cf0f6d011b9ca660dd17f5ba2b23bdbdb77cc86b116", size = 38132231, upload-time = "2025-10-01T18:05:03.664Z" },
]

[[package]]
name = "narwhals"
version = "2.26.0"
source = { registry = "https://pypi.org/simple" }
sdist = { url = "https://files.pythonhosted.org/packages/35/68/5351e34623d253423240ea7de3f8fc74fa8ab14b1ab3c0ec4ac8997413c9/narwhals-2.26.0.tar.gz", hash = "sha256:6b9cadca82f375c7e4cf584fdc86ca25da54827307a9c58f94547ee6104b82dd", size = 686970, upload-time = "2026-09-08T13:32:08.964Z" }
wheels = [
    { url = "https://files.pythonhosted.org/packages/40/b5/1b84b2c784db76d69442334bc8b8748c840f13ca53be086f4f250ad4a0bc/narwhals-2.26.0-py3-none-any.whl", hash = "sha256:29326d74f107c347fd1009bd58e38d9f7c7c5b51e6de97bc93dbc325d9038b54", size = 474034, upload-time = "2026-09-08T13:32:07.159Z" },
]

[[package]]
name = "numba"
version = "0.62.1"
source = { registry = "https://pypi.org/simple" }
dependencies = [
    { name = "llvmlite" },
    { name = "numpy" },
]
sdist = { url = "https://files.pythonhosted.org/packages/a3/20/33dbdbfe60e5fd8e3dbfde299d106279a33d9f8308346022316781368591/numba-0.62.1.tar.gz", hash = "sha256:7b774242aa890e34c21200a1fc62e5b5757d5286267e71103257f4e2af0d5161", size = 2749817, upload-time = "2025-09-29T10:46:31.551Z" }
wheels = [
    { url = "https://files.pythonhosted.org/packages/5e/fa/30fa6873e9f821c0ae755915a3ca444e6ff8d6a7b6860b669a3d33377ac7/numba-0.62.1-cp312-cp312-macosx_10_15_x86_64.whl", hash = "sha256:1b743b32f8fa5fff22e19c2e906db2f0a340782caf024477b97801b918cf0494", size = 2685346, upload-time = "2025-09-29T10:43:43.677Z" },
    { url = "https://files.pythonhosted.org/packages/a9/d5/504ce8dc46e0dba2790c77e6b878ee65b60fe3e7d6d0006483ef6fde5a97/numba-0.62.1-cp312-cp312-macosx_11_0_arm64.whl", hash = "sha256:90fa21b0142bcf08ad8e32a97d25d0b84b1e921bc9423f8dda07d3652860eef6", size = 2688139, upload-time = "2025-09-29T10:44:04.894Z" },
    { url = "https://files.pythonhosted.org/packages/50/5f/6a802741176c93f2ebe97ad90751894c7b0c922b52ba99a4395e79492205/numba-0.62.1-cp312-cp312-manylinux2014_x86_64.manylinux_2_17_x86_64.whl", hash = "sha256:6ef84d0ac19f1bf80431347b6f4ce3c39b7ec13f48f233a48c01e2ec06ecbc59", size = 3796453, upload-time = "2025-09-29T10:42:52.771Z" },
    { url = "https://files.pythonhosted.org/packages/7e/df/efd21527d25150c4544eccc9d0b7260a5dec4b7e98b5a581990e05a133c0/numba-0.62.1-cp312-cp312-manylinux_2_27_aarch64.manylinux_2_28_aarch64.whl", hash = "sha256:9315cc5e441300e0ca07c828a627d92a6802bcbf27c5487f31ae73783c58da53", size = 3496451, upload-time = "2025-09-29T10:43:19.279Z" },
    { url = "https://files.pythonhosted.org/packages/80/44/79bfdab12a02796bf4f1841630355c82b5a69933b1d50eb15c7fa37dabe8/numba-0.62.1-cp312-cp312-win_amd64.whl", hash = "sha256:44e3aa6228039992f058f5ebfcfd372c83798e9464297bdad8cc79febcf7891e", size = 2745552, upload-time = "2025-09-29T10:44:26.399Z" },
]

[[package]]
name = "numpy"
version = "2.3.5"
source = { registry = "https://pypi.org/simple" }
sdist = { url = "https://files.pythonhosted.org/packages/76/65/21b3bc86aac7b8f2862db1e808f1ea22b028e30a225a34a5ede9bf8678f2/numpy-2.3.5.tar.gz", hash = "sha256:784db1dcdab56bf0517743e746dfb0f885fc68d948aba86eeec2cba234bdf1c0", size = 20584950, upload-time = "2025-11-16T22:52:42.067Z" }
wheels = [
    { url = "https://files.pythonhosted.org/packages/44/37/e669fe6cbb2b96c62f6bbedc6a81c0f3b7362f6a59230b23caa673a85721/numpy-2.3.5-cp312-cp312-macosx_10_13_x86_64.whl", hash = "sha256:74ae7b798248fe62021dbf3c914245ad45d1a6b0cb4a29ecb4b31d0bfbc4cc3e", size = 16733873, upload-time = "2025-11-16T22:49:49.84Z" },
    { url = "https://files.pythonhosted.org/packages/c5/65/df0db6c097892c9380851ab9e44b52d4f7ba576b833996e0080181c0c439/numpy-2.3.5-cp312-cp312-macosx_11_0_arm64.whl", hash = "sha256:ee3888d9ff7c14604052b2ca5535a30216aa0a58e948cdd3eeb8d3415f638769", size = 12259838, upload-time = "2025-11-16T22:49:52.863Z" },
    { url = "https://files.pythonhosted.org/packages/5b/e1/1ee06e70eb2136797abe847d386e7c0e830b67ad1d43f364dd04fa50d338/numpy-2.3.5-cp312-cp312-macosx_14_0_arm64.whl", hash = "sha256:612a95a17655e213502f60cfb9bf9408efdc9eb1d5f50535cc6eb365d11b42b5", size = 5088378, upload-time = "2025-11-16T22:49:55.055Z" },
    { url = "https://files.pythonhosted.org/packages/6d/9c/1ca85fb86708724275103b81ec4cf1ac1d08f465368acfc8da7ab545bdae/numpy-2.3.5-cp312-cp312-macosx_14_0_x86_64.whl", hash = "sha256:3101e5177d114a593d79dd79658650fe28b5a0d8abeb8ce6f437c0e6df5be1a4", size = 6628559, upload-time = "2025-11-16T22:49:57.371Z" },
    { url = "https://files.pythonhosted.org/packages/74/78/fcd41e5a0ce4f3f7b003da85825acddae6d7ecb60cf25194741b036ca7d6/numpy-2.3.5-cp312-cp312-manylinux_2_27_aarch64.manylinux_2_28_aarch64.whl", hash = "sha256:8b973c57ff8e184109db042c842423ff4f60446239bd585a5131cc47f06f789d", size = 14250702, upload-time = "2025-11-16T22:49:59.632Z" },
    { url = "https://files.pythonhosted.org/packages/b6/23/2a1b231b8ff672b4c450dac27164a8b2ca7d9b7144f9c02d2396518352eb/numpy-2.3.5-cp312-cp312-manylinux_2_27_x86_64.manylinux_2_28_x86_64.whl", hash = "sha256:0d8163f43acde9a73c2a33605353a4f1bc4798745a8b1d73183b28e5b435ae28", size = 16606086, upload-time = "2025-11-16T22:50:02.127Z" },
    { url = "https://files.pythonhosted.org/packages/a0/c5/5ad26fbfbe2012e190cc7d5003e4d874b88bb18861d0829edc140a713021/numpy-2.3.5-cp312-cp312-musllinux_1_2_aarch64.whl", hash = "sha256:51c1e14eb1e154ebd80e860722f9e6ed6ec89714ad2db2d3aa33c31d7c12179b", size = 16025985, upload-time = "2025-11-16T22:50:04.536Z" },
    { url = "https://files.pythonhosted.org/packages/d2/fa/dd48e225c46c819288148d9d060b047fd2a6fb1eb37eae25112ee4cb4453/numpy-2.3.5-cp312-cp312-musllinux_1_2_x86_64.whl", hash = "sha256:b46b4ec24f7293f23adcd2d146960559aaf8020213de8ad1909dba6c013bf89c", size = 18542976, upload-time = "2025-11-16T22:50:07.557Z" },
    { url = "https://files.pythonhosted.org/packages/05/79/ccbd23a75862d95af03d28b5c6901a1b7da4803181513d52f3b86ed9446e/numpy-2.3.5-cp312-cp312-win32.whl", hash = "sha256:3997b5b3c9a771e157f9aae01dd579ee35ad7109be18db0e85dbdbe1de06e952", size = 6285274, upload-time = "2025-11-16T22:50:10.746Z" },
    { url = "https://files.pythonhosted.org/packages/2d/57/8aeaf160312f7f489dea47ab61e430b5cb051f59a98ae68b7133ce8fa06a/numpy-2.3.5-cp312-cp312-win_amd64.whl", hash = "sha256:86945f2ee6d10cdfd67bcb4069c1662dd711f7e2a4343db5cecec06b87cf31aa", size = 12782922, upload-time = "2025-11-16T22:50:12.811Z" },
    { url = "https://files.pythonhosted.org/packages/78/a6/aae5cc2ca78c45e64b9ef22f089141d661516856cf7c8a54ba434576900d/numpy-2.3.5-cp312-cp312-win_arm64.whl", hash = "sha256:f28620fe26bee16243be2b7b874da327312240a7cdc38b769a697578d2100013", size = 10194667, upload-time = "2025-11-16T22:50:16.16Z" },
]

[[package]]
name = "packaging"
version = "26.3"
source = { registry = "https://pypi.org/simple" }
sdist = { url = "https://files.pythonhosted.org/packages/7d/fa/3944b40b07da9ce895c0e6303a5ab7d53da063554f534556b134a54d6093/packaging-26.3.tar.gz", hash = "sha256:94edc256424af38762eb31306eed28beb9f0efc50a8837492c9d6fd6004aed79", size = 313412, upload-time = "2026-08-04T18:15:28.737Z" }
wheels = [
    { url = "https://files.pythonhosted.org/packages/63/34/ba1c580383c9eada3711951fef0795c80b829a078d72188184bcab9dd527/packaging-26.3-py3-none-any.whl", hash = "sha256:d7193f7c8e4e93f444fde0262bf90af30e16fa0ad0ad44cb553c87339b23cd1c", size = 129956, upload-time = "2026-08-04T18:15:27.159Z" },
]

[[package]]
name = "plotly"
version = "6.5.0"
source = { registry = "https://pypi.org/simple" }
dependencies = [
    { name = "narwhals" },
    { name = "packaging" },
]
sdist = { url = "https://files.pythonhosted.org/packages/94/05/1199e2a03ce6637960bc1e951ca0f928209a48cfceb57355806a88f214cf/plotly-6.5.0.tar.gz", hash = "sha256:d5d38224883fd38c1409bef7d6a8dc32b74348d39313f3c52ca998b8e447f5c8", size = 7013624, upload-time = "2025-11-17T18:39:24.523Z" }
wheels = [
    { url = "https://files.pythonhosted.org/packages/e7/c3/3031c931098de393393e1f93a38dc9ed6805d86bb801acc3cf2d5bd1e6b7/plotly-6.5.0-py3-none-any.whl", hash = "sha256:5ac851e100367735250206788a2b1325412aa4a4917a4fe3e6f0bc5aa6f3d90a", size = 9893174, upload-time = "2025-11-17T18:39:20.351Z" },
]

[[package]]
name = "wuwa-gacha-simulator"
version = "0.1.0"
source = { virtual = "." }
dependencies = [
    { name = "numba" },
    { name = "numpy" },
    { name = "plotly" },
]

[package.metadata]
requires-dist = [
    { name = "numba", specifier = "==0.62.1" },
    { name = "numpy", specifier = "==2.3.5" },
    { name = "plotly", specifier = "==6.5.0" },
]
